
Microsoft Visual Studio Solution File, Format Version 12.00
# Visual Studio Version 16
VisualStudioVersion = 16.0.31005.135
MinimumVisualStudioVersion = 10.0.40219.1
Project("{FAE04EC0-301F-11D3-BF4B-00C04F79EFBC}") = "SehirRehberi.API", "SehirRehberi.API\SehirRehberi.API.csproj", "{1EAB6BC3-DD5B-4908-8370-D9A507B4D34F}"
EndProject
Global
	GlobalSection(SolutionConfigurationPlatforms) = preSolution
		Debug|Any CPU = Debug|Any CPU
		Release|Any CPU = Release|Any CPU
	EndGlobalSection
	GlobalSection(ProjectConfigurationPlatforms) = postSolution
		{1EAB6BC3-DD5B-4908-8370-D9A507B4D34F}.Debug|Any CPU.ActiveCfg = Debug|Any CPU
		{1EAB6BC3-DD5B-4908-8370-D9A507B4D34F}.Debug|Any CPU.Build.0 = Debug|Any CPU
		{1EAB6BC3-DD5B-4908-8370-D9A507B4D34F}.Release|Any CPU.ActiveCfg = Release|Any CPU
		{1EAB6BC3-DD5B-4908-8370-D9A507B4D34F}.Release|Any CPU.Build.0 = Release|Any CPU
	EndGlobalSection
	GlobalSection(SolutionProperties) = preSolution
		HideSolutionNode = FALSE
	EndGlobalSection
	GlobalSection(ExtensibilityGlobals) = postSolution
		SolutionGuid = {5F319E8D-70CE-404B-9E6C-41CCA3D3C587}
	EndGlobalSection
EndGlobal
